
Microsoft Visual Studio Solution File, Format Version 12.00
# Visual Studio Version 17
VisualStudioVersion = 17.3.32811.315
MinimumVisualStudioVersion = 10.0.40219.1
Project("{FAE04EC0-301F-11D3-BF4B-00C04F79EFBC}") = "EricBlackJack1", "EricBlackJack1\EricBlackJack1.csproj", "{D4AB6299-BE48-40E2-A523-CABBD01059D3}"
EndProject
Global
	GlobalSection(SolutionConfigurationPlatforms) = preSolution
		Debug|Any CPU = Debug|Any CPU
		Release|Any CPU = Release|Any CPU
	EndGlobalSection
	GlobalSection(ProjectConfigurationPlatforms) = postSolution
		{D4AB6299-BE48-40E2-A523-CABBD01059D3}.Debug|Any CPU.ActiveCfg = Debug|Any CPU
		{D4AB6299-BE48-40E2-A523-CABBD01059D3}.Debug|Any CPU.Build.0 = Debug|Any CPU
		{D4AB6299-BE48-40E2-A523-CABBD01059D3}.Release|Any CPU.ActiveCfg = Release|Any CPU
		{D4AB6299-BE48-40E2-A523-CABBD01059D3}.Release|Any CPU.Build.0 = Release|Any CPU
	EndGlobalSection
	GlobalSection(SolutionProperties) = preSolution
		HideSolutionNode = FALSE
	EndGlobalSection
	GlobalSection(ExtensibilityGlobals) = postSolution
		SolutionGuid = {97B3CFE0-CE96-4907-8221-2A5FD11876D2}
	EndGlobalSection
EndGlobal
